// !$*UTF8*$!
{
	archiveVersion = 1;
	classes = {
	};
	objectVersion = 50;
	objects = {

/* Begin PBXBuildFile section */
		595A4A0D267F9C260064E728 /* AppDelegate.swift in Sources */ = {isa = PBXBuildFile; fileRef = 595A4A0C267F9C260064E728 /* AppDelegate.swift */; };
		595A4A0F267F9C260064E728 /* SceneDelegate.swift in Sources */ = {isa = PBXBuildFile; fileRef = 595A4A0E267F9C260064E728 /* SceneDelegate.swift */; };
		595A4A11267F9C260064E728 /* ViewController.swift in Sources */ = {isa = PBXBuildFile; fileRef = 595A4A10267F9C260064E728 /* ViewController.swift */; };
		595A4A14267F9C260064E728 /* Main.storyboard in Resources */ = {isa = PBXBuildFile; fileRef = 595A4A12267F9C260064E728 /* Main.storyboard */; };
		595A4A16267F9C270064E728 /* Assets.xcassets in Resources */ = {isa = PBXBuildFile; fileRef = 595A4A15267F9C270064E728 /* Assets.xcassets */; };
		595A4A19267F9C270064E728 /* LaunchScreen.storyboard in Resources */ = {isa = PBXBuildFile; fileRef = 595A4A17267F9C270064E728 /* LaunchScreen.storyboard */; };
		C40749C79F73D34BED508C2C /* Pods_SubModuleProj_Main.framework in Frameworks */ = {isa = PBXBuildFile; fileRef = 0E2095A7B27424B7CA4F2E35 /* Pods_SubModuleProj_Main.framework */; };
/* End PBXBuildFile section */

/* Begin PBXFileReference section */
		0E2095A7B27424B7CA4F2E35 /* Pods_SubModuleProj_Main.framework */ = {isa = PBXFileReference; explicitFileType = wrapper.framework; includeInIndex = 0; path = Pods_SubModuleProj_Main.framework; sourceTree = BUILT_PRODUCTS_DIR; };
		595A4A09267F9C260064E728 /* SubModuleProj_Main.app */ = {isa = PBXFileReference; explicitFileType = wrapper.application; includeInIndex = 0; path = SubModuleProj_Main.app; sourceTree = BUILT_PRODUCTS_DIR; };
		595A4A0C267F9C260064E728 /* AppDelegate.swift */ = {isa = PBXFileReference; lastKnownFileType = sourcecode.swift; path = AppDelegate.swift; sourceTree = "<group>"; };
		595A4A0E267F9C260064E728 /* SceneDelegate.swift */ = {isa = PBXFileReference; lastKnownFileType = sourcecode.swift; path = SceneDelegate.swift; sourceTree = "<group>"; };
		595A4A10267F9C260064E728 /* ViewController.swift */ = {isa = PBXFileReference; lastKnownFileType = sourcecode.swift; path = ViewController.swift; sourceTree = "<group>"; };
		595A4A13267F9C260064E728 /* Base */ = {isa = PBXFileReference; lastKnownFileType = file.storyboard; name = Base; path = Base.lproj/Main.storyboard; sourceTree = "<group>"; };
		595A4A15267F9C270064E728 /* Assets.xcassets */ = {isa = PBXFileReference; lastKnownFileType = folder.assetcatalog; path = Assets.xcassets; sourceTree = "<group>"; };
		595A4A18267F9C270064E728 /* Base */ = {isa = PBXFileReference; lastKnownFileType = file.storyboard; name = Base; path = Base.lproj/LaunchScreen.storyboard; sourceTree = "<group>"; };
		595A4A1A267F9C270064E728 /* Info.plist */ = {isa = PBXFileReference; lastKnownFileType = text.plist.xml; path = Info.plist; sourceTree = "<group>"; };
		59DCC9C1B7F43A00DF363CC2 /* Pods-SubModuleProj_Main.release.xcconfig */ = {isa = PBXFileReference; includeInIndex = 1; lastKnownFileType = text.xcconfig; name = "Pods-SubModuleProj_Main.release.xcconfig"; path = "Target Support Files/Pods-SubModuleProj_Main/Pods-SubModuleProj_Main.release.xcconfig"; sourceTree = "<group>"; };
		F87338EA0851438BB40C8F0D /* Pods-SubModuleProj_Main.debug.xcconfig */ = {isa = PBXFileReference; includeInIndex = 1; lastKnownFileType = text.xcconfig; name = "Pods-SubModuleProj_Main.debug.xcconfig"; path = "Target Support Files/Pods-SubModuleProj_Main/Pods-SubModuleProj_Main.debug.xcconfig"; sourceTree = "<group>"; };
/* End PBXFileReference section */

/* Begin PBXFrameworksBuildPhase section */
		595A4A06267F9C260064E728 /* Frameworks */ = {
			isa = PBXFrameworksBuildPhase;
			buildActionMask = 2147483647;
			files = (
				C40749C79F73D34BED508C2C /* Pods_SubModuleProj_Main.framework in Frameworks */,
			);
			runOnlyForDeploymentPostprocessing = 0;
		};
/* End PBXFrameworksBuildPhase section */

/* Begin PBXGroup section */
		029A174CD5A99716EADDDAD1 /* Frameworks */ = {
			isa = PBXGroup;
			children = (
				0E2095A7B27424B7CA4F2E35 /* Pods_SubModuleProj_Main.framework */,
			);
			name = Frameworks;
			sourceTree = "<group>";
		};
		595A4A00267F9C260064E728 = {
			isa = PBXGroup;
			children = (
				595A4A0B267F9C260064E728 /* SubModuleProj_Main */,
				595A4A0A267F9C260064E728 /* Products */,
				E150E85B8CDBAAAEB5176E84 /* Pods */,
				029A174CD5A99716EADDDAD1 /* Frameworks */,
			);
			sourceTree = "<group>";
		};
		595A4A0A267F9C260064E728 /* Products */ = {
			isa = PBXGroup;
			children = (
				595A4A09267F9C260064E728 /* SubModuleProj_Main.app */,
			);
			name = Products;
			sourceTree = "<group>";
		};
		595A4A0B267F9C260064E728 /* SubModuleProj_Main */ = {
			isa = PBXGroup;
			children = (
				595A4A0C267F9C260064E728 /* AppDelegate.swift */,
				595A4A0E267F9C260064E728 /* SceneDelegate.swift */,
				595A4A10267F9C260064E728 /* ViewController.swift */,
				595A4A12267F9C260064E728 /* Main.storyboard */,
				595A4A15267F9C270064E728 /* Assets.xcassets */,
				595A4A17267F9C270064E728 /* LaunchScreen.storyboard */,
				595A4A1A267F9C270064E728 /* Info.plist */,
			);
			path = SubModuleProj_Main;
			sourceTree = "<group>";
		};
		E150E85B8CDBAAAEB5176E84 /* Pods */ = {
			isa = PBXGroup;
			children = (
				F87338EA0851438BB40C8F0D /* Pods-SubModuleProj_Main.debug.xcconfig */,
				59DCC9C1B7F43A00DF363CC2 /* Pods-SubModuleProj_Main.release.xcconfig */,
			);
			name = Pods;
			path = Pods;
			sourceTree = "<group>";
		};
/* End PBXGroup section */

/* Begin PBXNativeTarget section */
		595A4A08267F9C260064E728 /* SubModuleProj_Main */ = {
			isa = PBXNativeTarget;
			buildConfigurationList = 595A4A1D267F9C270064E728 /* Build configuration list for PBXNativeTarget "SubModuleProj_Main" */;
			buildPhases = (
				6E49104E25C0B22A8AF5429D /* [CP] Check Pods Manifest.lock */,
				595A4A05267F9C260064E728 /* Sources */,
				595A4A06267F9C260064E728 /* Frameworks */,
				595A4A07267F9C260064E728 /* Resources */,
				9708528FC7A01AADCEC1AEAD /* [CP] Embed Pods Frameworks */,
			);
			buildRules = (
			);
			dependencies = (
			);
			name = SubModuleProj_Main;
			productName = SubModuleProj_Main;
			productReference = 595A4A09267F9C260064E728 /* SubModuleProj_Main.app */;
			productType = "com.apple.product-type.application";
		};
/* End PBXNativeTarget section */

/* Begin PBXProject section */
		595A4A01267F9C260064E728 /* Project object */ = {
			isa = PBXProject;
			attributes = {
				LastSwiftUpdateCheck = 1250;
				LastUpgradeCheck = 1250;
				TargetAttributes = {
					595A4A08267F9C260064E728 = {
						CreatedOnToolsVersion = 12.5;
					};
				};
			};
			buildConfigurationList = 595A4A04267F9C260064E728 /* Build configuration list for PBXProject "SubModuleProj_Main" */;
			compatibilityVersion = "Xcode 9.3";
			developmentRegion = en;
			hasScannedForEncodings = 0;
			knownRegions = (
				en,
				Base,
			);
			mainGroup = 595A4A00267F9C260064E728;
			productRefGroup = 595A4A0A267F9C260064E728 /* Products */;
			projectDirPath = "";
			projectRoot = "";
			targets = (
				595A4A08267F9C260064E728 /* SubModuleProj_Main */,
			);
		};
/* End PBXProject section */

/* Begin PBXResourcesBuildPhase section */
		595A4A07267F9C260064E728 /* Resources */ = {
			isa = PBXResourcesBuildPhase;
			buildActionMask = 2147483647;
			files = (
				595A4A19267F9C270064E728 /* LaunchScreen.storyboard in Resources */,
				595A4A16267F9C270064E728 /* Assets.xcassets in Resources */,
				595A4A14267F9C260064E728 /* Main.storyboard in Resources */,
			);
			runOnlyForDeploymentPostprocessing = 0;
		};
/* End PBXResourcesBuildPhase section */

/* Begin PBXShellScriptBuildPhase section */
		6E49104E25C0B22A8AF5429D /* [CP] Check Pods Manifest.lock */ = {
			isa = PBXShellScriptBuildPhase;
			buildActionMask = 2147483647;
			files = (
			);
			inputFileListPaths = (
			);
			inputPaths = (
				"${PODS_PODFILE_DIR_PATH}/Podfile.lock",
				"${PODS_ROOT}/Manifest.lock",
			);
			name = "[CP] Check Pods Manifest.lock";
			outputFileListPaths = (
			);
			outputPaths = (
				"$(DERIVED_FILE_DIR)/Pods-SubModuleProj_Main-checkManifestLockResult.txt",
			);
			runOnlyForDeploymentPostprocessing = 0;
			shellPath = /bin/sh;
			shellScript = "diff \"${PODS_PODFILE_DIR_PATH}/Podfile.lock\" \"${PODS_ROOT}/Manifest.lock\" > /dev/null\nif [ $? != 0 ] ; then\n    # print error to STDERR\n    echo \"error: The sandbox is not in sync with the Podfile.lock. Run 'pod install' or update your CocoaPods installation.\" >&2\n    exit 1\nfi\n# This output is used by Xcode 'outputs' to avoid re-running this script phase.\necho \"SUCCESS\" > \"${SCRIPT_OUTPUT_FILE_0}\"\n";
			showEnvVarsInLog = 0;
		};
		9708528FC7A01AADCEC1AEAD /* [CP] Embed Pods Frameworks */ = {
			isa = PBXShellScriptBuildPhase;
			buildActionMask = 2147483647;
			files = (
			);
			inputFileListPaths = (
				"${PODS_ROOT}/Target Support Files/Pods-SubModuleProj_Main/Pods-SubModuleProj_Main-frameworks-${CONFIGURATION}-input-files.xcfilelist",
			);
			name = "[CP] Embed Pods Frameworks";
			outputFileListPaths = (
				"${PODS_ROOT}/Target Support Files/Pods-SubModuleProj_Main/Pods-SubModuleProj_Main-frameworks-${CONFIGURATION}-output-files.xcfilelist",
			);
			runOnlyForDeploymentPostprocessing = 0;
			shellPath = /bin/sh;
			shellScript = "\"${PODS_ROOT}/Target Support Files/Pods-SubModuleProj_Main/Pods-SubModuleProj_Main-frameworks.sh\"\n";
			showEnvVarsInLog = 0;
		};
/* End PBXShellScriptBuildPhase section */

/* Begin PBXSourcesBuildPhase section */
		595A4A05267F9C260064E728 /* Sources */ = {
			isa = PBXSourcesBuildPhase;
			buildActionMask = 2147483647;
			files = (
				595A4A11267F9C260064E728 /* ViewController.swift in Sources */,
				595A4A0D267F9C260064E728 /* AppDelegate.swift in Sources */,
				595A4A0F267F9C260064E728 /* SceneDelegate.swift in Sources */,
			);
			runOnlyForDeploymentPostprocessing = 0;
		};
/* End PBXSourcesBuildPhase section */

/* Begin PBXVariantGroup section */
		595A4A12267F9C260064E728 /* Main.storyboard */ = {
			isa = PBXVariantGroup;
			children = (
				595A4A13267F9C260064E728 /* Base */,
			);
			name = Main.storyboard;
			sourceTree = "<group>";
		};
		595A4A17267F9C270064E728 /* LaunchScreen.storyboard */ = {
			isa = PBXVariantGroup;
			children = (
				595A4A18267F9C270064E728 /* Base */,
			);
			name = LaunchScreen.storyboard;
			sourceTree = "<group>";
		};
/* End PBXVariantGroup section */

/* Begin XCBuildConfiguration section */
		595A4A1B267F9C270064E728 /* Debug */ = {
			isa = XCBuildConfiguration;
			buildSettings = {
				ALWAYS_SEARCH_USER_PATHS = NO;
				CLANG_ANALYZER_NONNULL = YES;
				CLANG_ANALYZER_NUMBER_OBJECT_CONVERSION = YES_AGGRESSIVE;
				CLANG_CXX_LANGUAGE_STANDARD = "gnu++14";
				CLANG_CXX_LIBRARY = "libc++";
				CLANG_ENABLE_MODULES = YES;
				CLANG_ENABLE_OBJC_ARC = YES;
				CLANG_ENABLE_OBJC_WEAK = YES;
				CLANG_WARN_BLOCK_CAPTURE_AUTORELEASING = YES;
				CLANG_WARN_BOOL_CONVERSION = YES;
				CLANG_WARN_COMMA = YES;
				CLANG_WARN_CONSTANT_CONVERSION = YES;
				CLANG_WARN_DEPRECATED_OBJC_IMPLEMENTATIONS = YES;
				CLANG_WARN_DIRECT_OBJC_ISA_USAGE = YES_ERROR;
				CLANG_WARN_DOCUMENTATION_COMMENTS = YES;
				CLANG_WARN_EMPTY_BODY = YES;
				CLANG_WARN_ENUM_CONVERSION = YES;
				CLANG_WARN_INFINITE_RECURSION = YES;
				CLANG_WARN_INT_CONVERSION = YES;
				CLANG_WARN_NON_LITERAL_NULL_CONVERSION = YES;
				CLANG_WARN_OBJC_IMPLICIT_RETAIN_SELF = YES;
				CLANG_WARN_OBJC_LITERAL_CONVERSION = YES;
				CLANG_WARN_OBJC_ROOT_CLASS = YES_ERROR;
				CLANG_WARN_QUOTED_INCLUDE_IN_FRAMEWORK_HEADER = YES;
				CLANG_WARN_RANGE_LOOP_ANALYSIS = YES;
				CLANG_WARN_STRICT_PROTOTYPES = YES;
				CLANG_WARN_SUSPICIOUS_MOVE = YES;
				CLANG_WARN_UNGUARDED_AVAILABILITY = YES_AGGRESSIVE;
				CLANG_WARN_UNREACHABLE_CODE = YES;
				CLANG_WARN__DUPLICATE_METHOD_MATCH = YES;
				COPY_PHASE_STRIP = NO;
				DEBUG_INFORMATION_FORMAT = dwarf;
				ENABLE_STRICT_OBJC_MSGSEND = YES;
				ENABLE_TESTABILITY = YES;
				GCC_C_LANGUAGE_STANDARD = gnu11;
				GCC_DYNAMIC_NO_PIC = NO;
				GCC_NO_COMMON_BLOCKS = YES;
				GCC_OPTIMIZATION_LEVEL = 0;
				GCC_PREPROCESSOR_DEFINITIONS = (
					"DEBUG=1",
					"$(inherited)",
				);
				GCC_WARN_64_TO_32_BIT_CONVERSION = YES;
				GCC_WARN_ABOUT_RETURN_TYPE = YES_ERROR;
				GCC_WARN_UNDECLARED_SELECTOR = YES;
				GCC_WARN_UNINITIALIZED_AUTOS = YES_AGGRESSIVE;
				GCC_WARN_UNUSED_FUNCTION = YES;
				GCC_WARN_UNUSED_VARIABLE = YES;
				IPHONEOS_DEPLOYMENT_TARGET = 14.5;
				MTL_ENABLE_DEBUG_INFO = INCLUDE_SOURCE;
				MTL_FAST_MATH = YES;
				ONLY_ACTIVE_ARCH = YES;
				SDKROOT = iphoneos;
				SWIFT_ACTIVE_COMPILATION_CONDITIONS = DEBUG;
				SWIFT_OPTIMIZATION_LEVEL = "-Onone";
			};
			name = Debug;
		};
		595A4A1C267F9C270064E728 /* Release */ = {
			isa = XCBuildConfiguration;
			buildSettings = {
				ALWAYS_SEARCH_USER_PATHS = NO;
				CLANG_ANALYZER_NONNULL = YES;
				CLANG_ANALYZER_NUMBER_OBJECT_CONVERSION = YES_AGGRESSIVE;
				CLANG_CXX_LANGUAGE_STANDARD = "gnu++14";
				CLANG_CXX_LIBRARY = "libc++";
				CLANG_ENABLE_MODULES = YES;
				CLANG_ENABLE_OBJC_ARC = YES;
				CLANG_ENABLE_OBJC_WEAK = YES;
				CLANG_WARN_BLOCK_CAPTURE_AUTORELEASING = YES;
				CLANG_WARN_BOOL_CONVERSION = YES;
				CLANG_WARN_COMMA = YES;
				CLANG_WARN_CONSTANT_CONVERSION = YES;
				CLANG_WARN_DEPRECATED_OBJC_IMPLEMENTATIONS = YES;
				CLANG_WARN_DIRECT_OBJC_ISA_USAGE = YES_ERROR;
				CLANG_WARN_DOCUMENTATION_COMMENTS = YES;
				CLANG_WARN_EMPTY_BODY = YES;
				CLANG_WARN_ENUM_CONVERSION = YES;
				CLANG_WARN_INFINITE_RECURSION = YES;
				CLANG_WARN_INT_CONVERSION = YES;
				CLANG_WARN_NON_LITERAL_NULL_CONVERSION = YES;
				CLANG_WARN_OBJC_IMPLICIT_RETAIN_SELF = YES;
				CLANG_WARN_OBJC_LITERAL_CONVERSION = YES;
				CLANG_WARN_OBJC_ROOT_CLASS = YES_ERROR;
				CLANG_WARN_QUOTED_INCLUDE_IN_FRAMEWORK_HEADER = YES;
				CLANG_WARN_RANGE_LOOP_ANALYSIS = YES;
				CLANG_WARN_STRICT_PROTOTYPES = YES;
				CLANG_WARN_SUSPICIOUS_MOVE = YES;
				CLANG_WARN_UNGUARDED_AVAILABILITY = YES_AGGRESSIVE;
				CLANG_WARN_UNREACHABLE_CODE = YES;
				CLANG_WARN__DUPLICATE_METHOD_MATCH = YES;
				COPY_PHASE_STRIP = NO;
				DEBUG_INFORMATION_FORMAT = "dwarf-with-dsym";
				ENABLE_NS_ASSERTIONS = NO;
				ENABLE_STRICT_OBJC_MSGSEND = YES;
				GCC_C_LANGUAGE_STANDARD = gnu11;
				GCC_NO_COMMON_BLOCKS = YES;
				GCC_WARN_64_TO_32_BIT_CONVERSION = YES;
				GCC_WARN_ABOUT_RETURN_TYPE = YES_ERROR;
				GCC_WARN_UNDECLARED_SELECTOR = YES;
				GCC_WARN_UNINITIALIZED_AUTOS = YES_AGGRESSIVE;
				GCC_WARN_UNUSED_FUNCTION = YES;
				GCC_WARN_UNUSED_VARIABLE = YES;
				IPHONEOS_DEPLOYMENT_TARGET = 14.5;
				MTL_ENABLE_DEBUG_INFO = NO;
				MTL_FAST_MATH = YES;
				SDKROOT = iphoneos;
				SWIFT_COMPILATION_MODE = wholemodule;
				SWIFT_OPTIMIZATION_LEVEL = "-O";
				VALIDATE_PRODUCT = YES;
			};
			name = Release;
		};
		595A4A1E267F9C270064E728 /* Debug */ = {
			isa = XCBuildConfiguration;
			baseConfigurationReference = F87338EA0851438BB40C8F0D /* Pods-SubModuleProj_Main.debug.xcconfig */;
			buildSettings = {
				ASSETCATALOG_COMPILER_APPICON_NAME = AppIcon;
				ASSETCATALOG_COMPILER_GLOBAL_ACCENT_COLOR_NAME = AccentColor;
				CODE_SIGN_STYLE = Automatic;
				DEVELOPMENT_TEAM = P84LEHU55L;
				INFOPLIST_FILE = SubModuleProj_Main/Info.plist;
				LD_RUNPATH_SEARCH_PATHS = (
					"$(inherited)",
					"@executable_path/Frameworks",
				);
				PRODUCT_BUNDLE_IDENTIFIER = "com.castleticket.SubModuleProj-Main";
				PRODUCT_NAME = "$(TARGET_NAME)";
				SWIFT_VERSION = 5.0;
				TARGETED_DEVICE_FAMILY = "1,2";
			};
			name = Debug;
		};
		595A4A1F267F9C270064E728 /* Release */ = {
			isa = XCBuildConfiguration;
			baseConfigurationReference = 59DCC9C1B7F43A00DF363CC2 /* Pods-SubModuleProj_Main.release.xcconfig */;
			buildSettings = {
				ASSETCATALOG_COMPILER_APPICON_NAME = AppIcon;
				ASSETCATALOG_COMPILER_GLOBAL_ACCENT_COLOR_NAME = AccentColor;
				CODE_SIGN_STYLE = Automatic;
				DEVELOPMENT_TEAM = P84LEHU55L;
				INFOPLIST_FILE = SubModuleProj_Main/Info.plist;
				LD_RUNPATH_SEARCH_PATHS = (
					"$(inherited)",
					"@executable_path/Frameworks",
				);
				PRODUCT_BUNDLE_IDENTIFIER = "com.castleticket.SubModuleProj-Main";
				PRODUCT_NAME = "$(TARGET_NAME)";
				SWIFT_VERSION = 5.0;
				TARGETED_DEVICE_FAMILY = "1,2";
			};
			name = Release;
		};
/* End XCBuildConfiguration section */

/* Begin XCConfigurationList section */
		595A4A04267F9C260064E728 /* Build configuration list for PBXProject "SubModuleProj_Main" */ = {
			isa = XCConfigurationList;
			buildConfigurations = (
				595A4A1B267F9C270064E728 /* Debug */,
				595A4A1C267F9C270064E728 /* Release */,
			);
			defaultConfigurationIsVisible = 0;
			defaultConfigurationName = Release;
		};
		595A4A1D267F9C270064E728 /* Build configuration list for PBXNativeTarget "SubModuleProj_Main" */ = {
			isa = XCConfigurationList;
			buildConfigurations = (
				595A4A1E267F9C270064E728 /* Debug */,
				595A4A1F267F9C270064E728 /* Release */,
			);
			defaultConfigurationIsVisible = 0;
			defaultConfigurationName = Release;
		};
/* End XCConfigurationList section */
	};
	rootObject = 595A4A01267F9C260064E728 /* Project object */;
}
