PODS:
  - Alamofire (5.4.3)
  - Kingfisher (6.3.0)
  - RxCocoa (6.2.0):
    - RxRelay (= 6.2.0)
    - RxSwift (= 6.2.0)
  - RxRelay (6.2.0):
    - RxSwift (= 6.2.0)
  - RxSwift (6.2.0)
  - SPUtils (1.0.0):
    - Alamofire
    - Kingfisher
    - RxCocoa
    - RxSwift
    - SwiftyJSON
  - SubProj (1.0.0):
    - SPUtils
  - SwiftyJSON (5.0.1)

DEPENDENCIES:
  - SPUtils (from `../SPUtils`)
  - SubProj (from `../SubProj`)

SPEC REPOS:
  trunk:
    - Alamofire
    - Kingfisher
    - RxCocoa
    - RxRelay
    - RxSwift
    - SwiftyJSON

EXTERNAL SOURCES:
  SPUtils:
    :path: "../SPUtils"
  SubProj:
    :path: "../SubProj"

SPEC CHECKSUMS:
  Alamofire: e447a2774a40c996748296fa2c55112fdbbc42f9
  Kingfisher: 6c3df386db71d82c0817a429d2c9421a77396529
  RxCocoa: 4baf94bb35f2c0ab31bc0cb9f1900155f646ba42
  RxRelay: e72dbfd157807478401ef1982e1c61c945c94b2f
  RxSwift: d356ab7bee873611322f134c5f9ef379fa183d8f
  SPUtils: c05c0498758747f3a032eaabf60f86e92cf78c24
  SubProj: 72bd5cb3959aa70c51febedc4740655ee9fd2d09
  SwiftyJSON: 2f33a42c6fbc52764d96f13368585094bfd8aa5e

PODFILE CHECKSUM: 36edd1e3c20468012d211ea8e87a080cdf56295d

COCOAPODS: 1.10.1
